<?xml version="1.0" encoding="utf-8"?>
<Project ToolsVersion="4.0" xmlns="http://schemas.microsoft.com/developer/msbuild/2003">
  <ItemGroup>
    <Filter Include="源文件">
      <UniqueIdentifier>{4FC737F1-C7A5-4376-A066-2A32D752A2FF}</UniqueIdentifier>
      <Extensions>cpp;c;cc;cxx;def;odl;idl;hpj;bat;asm;asmx</Extensions>
    </Filter>
    <Filter Include="头文件">
      <UniqueIdentifier>{93995380-89BD-4b04-88EB-625FBE52EBFB}</UniqueIdentifier>
      <Extensions>h;hh;hpp;hxx;hm;inl;inc;ipp;xsd</Extensions>
    </Filter>
    <Filter Include="资源文件">
      <UniqueIdentifier>{67DA6AB6-F800-4c08-8B7A-83BB121AAD01}</UniqueIdentifier>
      <Extensions>rc;ico;cur;bmp;dlg;rc2;rct;bin;rgs;gif;jpg;jpeg;jpe;resx;tiff;tif;png;wav;mfcribbon-ms</Extensions>
    </Filter>
    <Filter Include="Common">
      <UniqueIdentifier>{ceeecb27-e7bf-4e55-ac21-95bdd734513f}</UniqueIdentifier>
    </Filter>
    <Filter Include="psmux">
      <UniqueIdentifier>{315ae0fa-1342-4512-87e1-27913033cd9d}</UniqueIdentifier>
    </Filter>
    <Filter Include="SipUA">
      <UniqueIdentifier>{0e0ae1e3-d8b3-416a-93cb-dfcc4c3d649b}</UniqueIdentifier>
    </Filter>
    <Filter Include="tinyxml">
      <UniqueIdentifier>{9fc04d65-55a2-482b-a3a7-8abd01aea60b}</UniqueIdentifier>
    </Filter>
  </ItemGroup>
  <ItemGroup>
    <ClCompile Include="GB28181.cpp">
      <Filter>源文件</Filter>
    </ClCompile>
    <ClCompile Include="RtcpPacket.cpp">
      <Filter>源文件</Filter>
    </ClCompile>
    <ClCompile Include="SipServer.cpp">
      <Filter>源文件</Filter>
    </ClCompile>
    <ClCompile Include="Common\CodeConverter.cpp">
      <Filter>Common</Filter>
    </ClCompile>
    <ClCompile Include="Common\CommDefine.cpp">
      <Filter>Common</Filter>
    </ClCompile>
    <ClCompile Include="Common\ThreadTimer.cpp">
      <Filter>Common</Filter>
    </ClCompile>
    <ClCompile Include="Common\Timer.cpp">
      <Filter>Common</Filter>
    </ClCompile>
    <ClCompile Include="SipUA\SipUA.cpp">
      <Filter>SipUA</Filter>
    </ClCompile>
    <ClCompile Include="SipUA\test_main.cpp">
      <Filter>SipUA</Filter>
    </ClCompile>
    <ClCompile Include="SipUA\UaComm.cpp">
      <Filter>SipUA</Filter>
    </ClCompile>
    <ClCompile Include="psmux\psmux.cpp">
      <Filter>psmux</Filter>
    </ClCompile>
    <ClCompile Include="CallManager.cpp">
      <Filter>源文件</Filter>
    </ClCompile>
    <ClCompile Include="ConfigSipServer.cpp">
      <Filter>源文件</Filter>
    </ClCompile>
    <ClCompile Include="SipEndpointInfo.cpp">
      <Filter>源文件</Filter>
    </ClCompile>
    <ClCompile Include="tinyxml\tinystr.cpp">
      <Filter>tinyxml</Filter>
    </ClCompile>
    <ClCompile Include="tinyxml\tinyxml.cpp">
      <Filter>tinyxml</Filter>
    </ClCompile>
    <ClCompile Include="tinyxml\tinyxmlerror.cpp">
      <Filter>tinyxml</Filter>
    </ClCompile>
    <ClCompile Include="tinyxml\tinyxmlparser.cpp">
      <Filter>tinyxml</Filter>
    </ClCompile>
    <ClCompile Include="GB28181StreamPuller.cpp">
      <Filter>源文件</Filter>
    </ClCompile>
    <ClCompile Include="GB28181MediaGate.cpp">
      <Filter>源文件</Filter>
    </ClCompile>
    <ClCompile Include="GB28181StreamInstance.cpp">
      <Filter>源文件</Filter>
    </ClCompile>
    <ClCompile Include="GB28181StreamPusher.cpp">
      <Filter>源文件</Filter>
    </ClCompile>
    <ClCompile Include="MediaGateCommon.cpp">
      <Filter>源文件</Filter>
    </ClCompile>
  </ItemGroup>
  <ItemGroup>
    <ClInclude Include="SipServer.h">
      <Filter>头文件</Filter>
    </ClInclude>
    <ClInclude Include="Common\CodeConverter.h">
      <Filter>Common</Filter>
    </ClInclude>
    <ClInclude Include="Common\CommDefine.h">
      <Filter>Common</Filter>
    </ClInclude>
    <ClInclude Include="Common\ThreadTimer.h">
      <Filter>Common</Filter>
    </ClInclude>
    <ClInclude Include="Common\Timer.h">
      <Filter>Common</Filter>
    </ClInclude>
    <ClInclude Include="SipUA\SipUA.h">
      <Filter>SipUA</Filter>
    </ClInclude>
    <ClInclude Include="SipUA\UaComm.h">
      <Filter>SipUA</Filter>
    </ClInclude>
    <ClInclude Include="psmux\psmux.h">
      <Filter>psmux</Filter>
    </ClInclude>
    <ClInclude Include="CallManager.h">
      <Filter>头文件</Filter>
    </ClInclude>
    <ClInclude Include="ConfigSipServer.h">
      <Filter>头文件</Filter>
    </ClInclude>
    <ClInclude Include="SipEndpointInfo.h">
      <Filter>头文件</Filter>
    </ClInclude>
    <ClInclude Include="RtcpPacket.h">
      <Filter>头文件</Filter>
    </ClInclude>
    <ClInclude Include="tinyxml\tinystr.h">
      <Filter>tinyxml</Filter>
    </ClInclude>
    <ClInclude Include="tinyxml\tinyxml.h">
      <Filter>tinyxml</Filter>
    </ClInclude>
    <ClInclude Include="GB28181StreamPuller.h">
      <Filter>头文件</Filter>
    </ClInclude>
    <ClInclude Include="GB28181StreamPusher.h">
      <Filter>头文件</Filter>
    </ClInclude>
    <ClInclude Include="GB28181StreamInstance.h">
      <Filter>头文件</Filter>
    </ClInclude>
    <ClInclude Include="GB28181MediaGate.h">
      <Filter>头文件</Filter>
    </ClInclude>
    <ClInclude Include="MediaGateCommon.h">
      <Filter>头文件</Filter>
    </ClInclude>
  </ItemGroup>
</Project>